// !$*UTF8*$!
{
	archiveVersion = 1;
	classes = {
	};
	objectVersion = 46;
	objects = {

/* Begin PBXBuildFile section */
		15DFDF331B7A5BE700B197D9 /* AppDelegate.swift in Sources */ = {isa = PBXBuildFile; fileRef = 15DFDF321B7A5BE700B197D9 /* AppDelegate.swift */; };
		15DFDF351B7A5BE700B197D9 /* ViewController.swift in Sources */ = {isa = PBXBuildFile; fileRef = 15DFDF341B7A5BE700B197D9 /* ViewController.swift */; };
		15DFDF381B7A5BE700B197D9 /* Main.storyboard in Resources */ = {isa = PBXBuildFile; fileRef = 15DFDF361B7A5BE700B197D9 /* Main.storyboard */; };
		15DFDF3A1B7A5BE700B197D9 /* Images.xcassets in Resources */ = {isa = PBXBuildFile; fileRef = 15DFDF391B7A5BE700B197D9 /* Images.xcassets */; };
		15DFDF3D1B7A5BE700B197D9 /* LaunchScreen.xib in Resources */ = {isa = PBXBuildFile; fileRef = 15DFDF3B1B7A5BE700B197D9 /* LaunchScreen.xib */; };
		15DFDF491B7A5BE800B197D9 /* DropDown_MenuTests.swift in Sources */ = {isa = PBXBuildFile; fileRef = 15DFDF481B7A5BE800B197D9 /* DropDown_MenuTests.swift */; };
		15DFDF591B7A5CB800B197D9 /* IGLDropDownItem.m in Sources */ = {isa = PBXBuildFile; fileRef = 15DFDF561B7A5CB800B197D9 /* IGLDropDownItem.m */; };
		15DFDF5A1B7A5CB800B197D9 /* IGLDropDownMenu.m in Sources */ = {isa = PBXBuildFile; fileRef = 15DFDF581B7A5CB800B197D9 /* IGLDropDownMenu.m */; };
/* End PBXBuildFile section */

/* Begin PBXContainerItemProxy section */
		15DFDF431B7A5BE700B197D9 /* PBXContainerItemProxy */ = {
			isa = PBXContainerItemProxy;
			containerPortal = 15DFDF251B7A5BE700B197D9 /* Project object */;
			proxyType = 1;
			remoteGlobalIDString = 15DFDF2C1B7A5BE700B197D9;
			remoteInfo = "DropDown Menu";
		};
/* End PBXContainerItemProxy section */

/* Begin PBXFileReference section */
		15DFDF2D1B7A5BE700B197D9 /* DropDown Menu.app */ = {isa = PBXFileReference; explicitFileType = wrapper.application; includeInIndex = 0; path = "DropDown Menu.app"; sourceTree = BUILT_PRODUCTS_DIR; };
		15DFDF311B7A5BE700B197D9 /* Info.plist */ = {isa = PBXFileReference; lastKnownFileType = text.plist.xml; path = Info.plist; sourceTree = "<group>"; };
		15DFDF321B7A5BE700B197D9 /* AppDelegate.swift */ = {isa = PBXFileReference; lastKnownFileType = sourcecode.swift; path = AppDelegate.swift; sourceTree = "<group>"; };
		15DFDF341B7A5BE700B197D9 /* ViewController.swift */ = {isa = PBXFileReference; lastKnownFileType = sourcecode.swift; path = ViewController.swift; sourceTree = "<group>"; };
		15DFDF371B7A5BE700B197D9 /* Base */ = {isa = PBXFileReference; lastKnownFileType = file.storyboard; name = Base; path = Base.lproj/Main.storyboard; sourceTree = "<group>"; };
		15DFDF391B7A5BE700B197D9 /* Images.xcassets */ = {isa = PBXFileReference; lastKnownFileType = folder.assetcatalog; path = Images.xcassets; sourceTree = "<group>"; };
		15DFDF3C1B7A5BE700B197D9 /* Base */ = {isa = PBXFileReference; lastKnownFileType = file.xib; name = Base; path = Base.lproj/LaunchScreen.xib; sourceTree = "<group>"; };
		15DFDF421B7A5BE700B197D9 /* DropDown MenuTests.xctest */ = {isa = PBXFileReference; explicitFileType = wrapper.cfbundle; includeInIndex = 0; path = "DropDown MenuTests.xctest"; sourceTree = BUILT_PRODUCTS_DIR; };
		15DFDF471B7A5BE700B197D9 /* Info.plist */ = {isa = PBXFileReference; lastKnownFileType = text.plist.xml; path = Info.plist; sourceTree = "<group>"; };
		15DFDF481B7A5BE800B197D9 /* DropDown_MenuTests.swift */ = {isa = PBXFileReference; lastKnownFileType = sourcecode.swift; path = DropDown_MenuTests.swift; sourceTree = "<group>"; };
		15DFDF541B7A5CB800B197D9 /* DropDown Menu-Bridging-Header.h */ = {isa = PBXFileReference; lastKnownFileType = sourcecode.c.h; path = "DropDown Menu-Bridging-Header.h"; sourceTree = "<group>"; };
		15DFDF551B7A5CB800B197D9 /* IGLDropDownItem.h */ = {isa = PBXFileReference; fileEncoding = 4; lastKnownFileType = sourcecode.c.h; path = IGLDropDownItem.h; sourceTree = "<group>"; };
		15DFDF561B7A5CB800B197D9 /* IGLDropDownItem.m */ = {isa = PBXFileReference; fileEncoding = 4; lastKnownFileType = sourcecode.c.objc; path = IGLDropDownItem.m; sourceTree = "<group>"; };
		15DFDF571B7A5CB800B197D9 /* IGLDropDownMenu.h */ = {isa = PBXFileReference; fileEncoding = 4; lastKnownFileType = sourcecode.c.h; path = IGLDropDownMenu.h; sourceTree = "<group>"; };
		15DFDF581B7A5CB800B197D9 /* IGLDropDownMenu.m */ = {isa = PBXFileReference; fileEncoding = 4; lastKnownFileType = sourcecode.c.objc; path = IGLDropDownMenu.m; sourceTree = "<group>"; };
/* End PBXFileReference section */

/* Begin PBXFrameworksBuildPhase section */
		15DFDF2A1B7A5BE700B197D9 /* Frameworks */ = {
			isa = PBXFrameworksBuildPhase;
			buildActionMask = 2147483647;
			files = (
			);
			runOnlyForDeploymentPostprocessing = 0;
		};
		15DFDF3F1B7A5BE700B197D9 /* Frameworks */ = {
			isa = PBXFrameworksBuildPhase;
			buildActionMask = 2147483647;
			files = (
			);
			runOnlyForDeploymentPostprocessing = 0;
		};
/* End PBXFrameworksBuildPhase section */

/* Begin PBXGroup section */
		15DFDF241B7A5BE700B197D9 = {
			isa = PBXGroup;
			children = (
				15DFDF2F1B7A5BE700B197D9 /* DropDown Menu */,
				15DFDF451B7A5BE700B197D9 /* DropDown MenuTests */,
				15DFDF2E1B7A5BE700B197D9 /* Products */,
			);
			sourceTree = "<group>";
		};
		15DFDF2E1B7A5BE700B197D9 /* Products */ = {
			isa = PBXGroup;
			children = (
				15DFDF2D1B7A5BE700B197D9 /* DropDown Menu.app */,
				15DFDF421B7A5BE700B197D9 /* DropDown MenuTests.xctest */,
			);
			name = Products;
			sourceTree = "<group>";
		};
		15DFDF2F1B7A5BE700B197D9 /* DropDown Menu */ = {
			isa = PBXGroup;
			children = (
				15DFDF5B1B7A660A00B197D9 /* IGLDropDown */,
				15DFDF321B7A5BE700B197D9 /* AppDelegate.swift */,
				15DFDF341B7A5BE700B197D9 /* ViewController.swift */,
				15DFDF361B7A5BE700B197D9 /* Main.storyboard */,
				15DFDF391B7A5BE700B197D9 /* Images.xcassets */,
				15DFDF3B1B7A5BE700B197D9 /* LaunchScreen.xib */,
				15DFDF301B7A5BE700B197D9 /* Supporting Files */,
				15DFDF541B7A5CB800B197D9 /* DropDown Menu-Bridging-Header.h */,
			);
			path = "DropDown Menu";
			sourceTree = "<group>";
		};
		15DFDF301B7A5BE700B197D9 /* Supporting Files */ = {
			isa = PBXGroup;
			children = (
				15DFDF311B7A5BE700B197D9 /* Info.plist */,
			);
			name = "Supporting Files";
			sourceTree = "<group>";
		};
		15DFDF451B7A5BE700B197D9 /* DropDown MenuTests */ = {
			isa = PBXGroup;
			children = (
				15DFDF481B7A5BE800B197D9 /* DropDown_MenuTests.swift */,
				15DFDF461B7A5BE700B197D9 /* Supporting Files */,
			);
			path = "DropDown MenuTests";
			sourceTree = "<group>";
		};
		15DFDF461B7A5BE700B197D9 /* Supporting Files */ = {
			isa = PBXGroup;
			children = (
				15DFDF471B7A5BE700B197D9 /* Info.plist */,
			);
			name = "Supporting Files";
			sourceTree = "<group>";
		};
		15DFDF5B1B7A660A00B197D9 /* IGLDropDown */ = {
			isa = PBXGroup;
			children = (
				15DFDF551B7A5CB800B197D9 /* IGLDropDownItem.h */,
				15DFDF561B7A5CB800B197D9 /* IGLDropDownItem.m */,
				15DFDF571B7A5CB800B197D9 /* IGLDropDownMenu.h */,
				15DFDF581B7A5CB800B197D9 /* IGLDropDownMenu.m */,
			);
			name = IGLDropDown;
			sourceTree = "<group>";
		};
/* End PBXGroup section */

/* Begin PBXNativeTarget section */
		15DFDF2C1B7A5BE700B197D9 /* DropDown Menu */ = {
			isa = PBXNativeTarget;
			buildConfigurationList = 15DFDF4C1B7A5BE800B197D9 /* Build configuration list for PBXNativeTarget "DropDown Menu" */;
			buildPhases = (
				15DFDF291B7A5BE700B197D9 /* Sources */,
				15DFDF2A1B7A5BE700B197D9 /* Frameworks */,
				15DFDF2B1B7A5BE700B197D9 /* Resources */,
			);
			buildRules = (
			);
			dependencies = (
			);
			name = "DropDown Menu";
			productName = "DropDown Menu";
			productReference = 15DFDF2D1B7A5BE700B197D9 /* DropDown Menu.app */;
			productType = "com.apple.product-type.application";
		};
		15DFDF411B7A5BE700B197D9 /* DropDown MenuTests */ = {
			isa = PBXNativeTarget;
			buildConfigurationList = 15DFDF4F1B7A5BE800B197D9 /* Build configuration list for PBXNativeTarget "DropDown MenuTests" */;
			buildPhases = (
				15DFDF3E1B7A5BE700B197D9 /* Sources */,
				15DFDF3F1B7A5BE700B197D9 /* Frameworks */,
				15DFDF401B7A5BE700B197D9 /* Resources */,
			);
			buildRules = (
			);
			dependencies = (
				15DFDF441B7A5BE700B197D9 /* PBXTargetDependency */,
			);
			name = "DropDown MenuTests";
			productName = "DropDown MenuTests";
			productReference = 15DFDF421B7A5BE700B197D9 /* DropDown MenuTests.xctest */;
			productType = "com.apple.product-type.bundle.unit-test";
		};
/* End PBXNativeTarget section */

/* Begin PBXProject section */
		15DFDF251B7A5BE700B197D9 /* Project object */ = {
			isa = PBXProject;
			attributes = {
				LastSwiftMigration = 0710;
				LastSwiftUpdateCheck = 0710;
				LastUpgradeCheck = 0630;
				ORGANIZATIONNAME = ViNiT;
				TargetAttributes = {
					15DFDF2C1B7A5BE700B197D9 = {
						CreatedOnToolsVersion = 6.3;
					};
					15DFDF411B7A5BE700B197D9 = {
						CreatedOnToolsVersion = 6.3;
						TestTargetID = 15DFDF2C1B7A5BE700B197D9;
					};
				};
			};
			buildConfigurationList = 15DFDF281B7A5BE700B197D9 /* Build configuration list for PBXProject "DropDown Menu" */;
			compatibilityVersion = "Xcode 3.2";
			developmentRegion = English;
			hasScannedForEncodings = 0;
			knownRegions = (
				en,
				Base,
			);
			mainGroup = 15DFDF241B7A5BE700B197D9;
			productRefGroup = 15DFDF2E1B7A5BE700B197D9 /* Products */;
			projectDirPath = "";
			projectRoot = "";
			targets = (
				15DFDF2C1B7A5BE700B197D9 /* DropDown Menu */,
				15DFDF411B7A5BE700B197D9 /* DropDown MenuTests */,
			);
		};
/* End PBXProject section */

/* Begin PBXResourcesBuildPhase section */
		15DFDF2B1B7A5BE700B197D9 /* Resources */ = {
			isa = PBXResourcesBuildPhase;
			buildActionMask = 2147483647;
			files = (
				15DFDF381B7A5BE700B197D9 /* Main.storyboard in Resources */,
				15DFDF3D1B7A5BE700B197D9 /* LaunchScreen.xib in Resources */,
				15DFDF3A1B7A5BE700B197D9 /* Images.xcassets in Resources */,
			);
			runOnlyForDeploymentPostprocessing = 0;
		};
		15DFDF401B7A5BE700B197D9 /* Resources */ = {
			isa = PBXResourcesBuildPhase;
			buildActionMask = 2147483647;
			files = (
			);
			runOnlyForDeploymentPostprocessing = 0;
		};
/* End PBXResourcesBuildPhase section */

/* Begin PBXSourcesBuildPhase section */
		15DFDF291B7A5BE700B197D9 /* Sources */ = {
			isa = PBXSourcesBuildPhase;
			buildActionMask = 2147483647;
			files = (
				15DFDF591B7A5CB800B197D9 /* IGLDropDownItem.m in Sources */,
				15DFDF351B7A5BE700B197D9 /* ViewController.swift in Sources */,
				15DFDF5A1B7A5CB800B197D9 /* IGLDropDownMenu.m in Sources */,
				15DFDF331B7A5BE700B197D9 /* AppDelegate.swift in Sources */,
			);
			runOnlyForDeploymentPostprocessing = 0;
		};
		15DFDF3E1B7A5BE700B197D9 /* Sources */ = {
			isa = PBXSourcesBuildPhase;
			buildActionMask = 2147483647;
			files = (
				15DFDF491B7A5BE800B197D9 /* DropDown_MenuTests.swift in Sources */,
			);
			runOnlyForDeploymentPostprocessing = 0;
		};
/* End PBXSourcesBuildPhase section */

/* Begin PBXTargetDependency section */
		15DFDF441B7A5BE700B197D9 /* PBXTargetDependency */ = {
			isa = PBXTargetDependency;
			target = 15DFDF2C1B7A5BE700B197D9 /* DropDown Menu */;
			targetProxy = 15DFDF431B7A5BE700B197D9 /* PBXContainerItemProxy */;
		};
/* End PBXTargetDependency section */

/* Begin PBXVariantGroup section */
		15DFDF361B7A5BE700B197D9 /* Main.storyboard */ = {
			isa = PBXVariantGroup;
			children = (
				15DFDF371B7A5BE700B197D9 /* Base */,
			);
			name = Main.storyboard;
			sourceTree = "<group>";
		};
		15DFDF3B1B7A5BE700B197D9 /* LaunchScreen.xib */ = {
			isa = PBXVariantGroup;
			children = (
				15DFDF3C1B7A5BE700B197D9 /* Base */,
			);
			name = LaunchScreen.xib;
			sourceTree = "<group>";
		};
/* End PBXVariantGroup section */

/* Begin XCBuildConfiguration section */
		15DFDF4A1B7A5BE800B197D9 /* Debug */ = {
			isa = XCBuildConfiguration;
			buildSettings = {
				ALWAYS_SEARCH_USER_PATHS = NO;
				CLANG_CXX_LANGUAGE_STANDARD = "gnu++0x";
				CLANG_CXX_LIBRARY = "libc++";
				CLANG_ENABLE_MODULES = YES;
				CLANG_ENABLE_OBJC_ARC = YES;
				CLANG_WARN_BOOL_CONVERSION = YES;
				CLANG_WARN_CONSTANT_CONVERSION = YES;
				CLANG_WARN_DIRECT_OBJC_ISA_USAGE = YES_ERROR;
				CLANG_WARN_EMPTY_BODY = YES;
				CLANG_WARN_ENUM_CONVERSION = YES;
				CLANG_WARN_INT_CONVERSION = YES;
				CLANG_WARN_OBJC_ROOT_CLASS = YES_ERROR;
				CLANG_WARN_UNREACHABLE_CODE = YES;
				CLANG_WARN__DUPLICATE_METHOD_MATCH = YES;
				"CODE_SIGN_IDENTITY[sdk=iphoneos*]" = "iPhone Developer";
				COPY_PHASE_STRIP = NO;
				DEBUG_INFORMATION_FORMAT = "dwarf-with-dsym";
				ENABLE_STRICT_OBJC_MSGSEND = YES;
				GCC_C_LANGUAGE_STANDARD = gnu99;
				GCC_DYNAMIC_NO_PIC = NO;
				GCC_NO_COMMON_BLOCKS = YES;
				GCC_OPTIMIZATION_LEVEL = 0;
				GCC_PREPROCESSOR_DEFINITIONS = (
					"DEBUG=1",
					"$(inherited)",
				);
				GCC_SYMBOLS_PRIVATE_EXTERN = NO;
				GCC_WARN_64_TO_32_BIT_CONVERSION = YES;
				GCC_WARN_ABOUT_RETURN_TYPE = YES_ERROR;
				GCC_WARN_UNDECLARED_SELECTOR = YES;
				GCC_WARN_UNINITIALIZED_AUTOS = YES_AGGRESSIVE;
				GCC_WARN_UNUSED_FUNCTION = YES;
				GCC_WARN_UNUSED_VARIABLE = YES;
				IPHONEOS_DEPLOYMENT_TARGET = 8.3;
				MTL_ENABLE_DEBUG_INFO = YES;
				ONLY_ACTIVE_ARCH = YES;
				SDKROOT = iphoneos;
				SWIFT_OPTIMIZATION_LEVEL = "-Onone";
				TARGETED_DEVICE_FAMILY = "1,2";
			};
			name = Debug;
		};
		15DFDF4B1B7A5BE800B197D9 /* Release */ = {
			isa = XCBuildConfiguration;
			buildSettings = {
				ALWAYS_SEARCH_USER_PATHS = NO;
				CLANG_CXX_LANGUAGE_STANDARD = "gnu++0x";
				CLANG_CXX_LIBRARY = "libc++";
				CLANG_ENABLE_MODULES = YES;
				CLANG_ENABLE_OBJC_ARC = YES;
				CLANG_WARN_BOOL_CONVERSION = YES;
				CLANG_WARN_CONSTANT_CONVERSION = YES;
				CLANG_WARN_DIRECT_OBJC_ISA_USAGE = YES_ERROR;
				CLANG_WARN_EMPTY_BODY = YES;
				CLANG_WARN_ENUM_CONVERSION = YES;
				CLANG_WARN_INT_CONVERSION = YES;
				CLANG_WARN_OBJC_ROOT_CLASS = YES_ERROR;
				CLANG_WARN_UNREACHABLE_CODE = YES;
				CLANG_WARN__DUPLICATE_METHOD_MATCH = YES;
				"CODE_SIGN_IDENTITY[sdk=iphoneos*]" = "iPhone Developer";
				COPY_PHASE_STRIP = NO;
				DEBUG_INFORMATION_FORMAT = "dwarf-with-dsym";
				ENABLE_NS_ASSERTIONS = NO;
				ENABLE_STRICT_OBJC_MSGSEND = YES;
				GCC_C_LANGUAGE_STANDARD = gnu99;
				GCC_NO_COMMON_BLOCKS = YES;
				GCC_WARN_64_TO_32_BIT_CONVERSION = YES;
				GCC_WARN_ABOUT_RETURN_TYPE = YES_ERROR;
				GCC_WARN_UNDECLARED_SELECTOR = YES;
				GCC_WARN_UNINITIALIZED_AUTOS = YES_AGGRESSIVE;
				GCC_WARN_UNUSED_FUNCTION = YES;
				GCC_WARN_UNUSED_VARIABLE = YES;
				IPHONEOS_DEPLOYMENT_TARGET = 8.3;
				MTL_ENABLE_DEBUG_INFO = NO;
				SDKROOT = iphoneos;
				TARGETED_DEVICE_FAMILY = "1,2";
				VALIDATE_PRODUCT = YES;
			};
			name = Release;
		};
		15DFDF4D1B7A5BE800B197D9 /* Debug */ = {
			isa = XCBuildConfiguration;
			buildSettings = {
				ASSETCATALOG_COMPILER_APPICON_NAME = AppIcon;
				CLANG_ENABLE_MODULES = YES;
				INFOPLIST_FILE = "DropDown Menu/Info.plist";
				LD_RUNPATH_SEARCH_PATHS = "$(inherited) @executable_path/Frameworks";
				PRODUCT_NAME = "$(TARGET_NAME)";
				SWIFT_OBJC_BRIDGING_HEADER = "DropDown Menu/DropDown Menu-Bridging-Header.h";
				SWIFT_OPTIMIZATION_LEVEL = "-Onone";
			};
			name = Debug;
		};
		15DFDF4E1B7A5BE800B197D9 /* Release */ = {
			isa = XCBuildConfiguration;
			buildSettings = {
				ASSETCATALOG_COMPILER_APPICON_NAME = AppIcon;
				CLANG_ENABLE_MODULES = YES;
				INFOPLIST_FILE = "DropDown Menu/Info.plist";
				LD_RUNPATH_SEARCH_PATHS = "$(inherited) @executable_path/Frameworks";
				PRODUCT_NAME = "$(TARGET_NAME)";
				SWIFT_OBJC_BRIDGING_HEADER = "DropDown Menu/DropDown Menu-Bridging-Header.h";
			};
			name = Release;
		};
		15DFDF501B7A5BE800B197D9 /* Debug */ = {
			isa = XCBuildConfiguration;
			buildSettings = {
				BUNDLE_LOADER = "$(TEST_HOST)";
				FRAMEWORK_SEARCH_PATHS = (
					"$(SDKROOT)/Developer/Library/Frameworks",
					"$(inherited)",
				);
				GCC_PREPROCESSOR_DEFINITIONS = (
					"DEBUG=1",
					"$(inherited)",
				);
				INFOPLIST_FILE = "DropDown MenuTests/Info.plist";
				LD_RUNPATH_SEARCH_PATHS = "$(inherited) @executable_path/Frameworks @loader_path/Frameworks";
				PRODUCT_NAME = "$(TARGET_NAME)";
				TEST_HOST = "$(BUILT_PRODUCTS_DIR)/DropDown Menu.app/DropDown Menu";
			};
			name = Debug;
		};
		15DFDF511B7A5BE800B197D9 /* Release */ = {
			isa = XCBuildConfiguration;
			buildSettings = {
				BUNDLE_LOADER = "$(TEST_HOST)";
				FRAMEWORK_SEARCH_PATHS = (
					"$(SDKROOT)/Developer/Library/Frameworks",
					"$(inherited)",
				);
				INFOPLIST_FILE = "DropDown MenuTests/Info.plist";
				LD_RUNPATH_SEARCH_PATHS = "$(inherited) @executable_path/Frameworks @loader_path/Frameworks";
				PRODUCT_NAME = "$(TARGET_NAME)";
				TEST_HOST = "$(BUILT_PRODUCTS_DIR)/DropDown Menu.app/DropDown Menu";
			};
			name = Release;
		};
/* End XCBuildConfiguration section */

/* Begin XCConfigurationList section */
		15DFDF281B7A5BE700B197D9 /* Build configuration list for PBXProject "DropDown Menu" */ = {
			isa = XCConfigurationList;
			buildConfigurations = (
				15DFDF4A1B7A5BE800B197D9 /* Debug */,
				15DFDF4B1B7A5BE800B197D9 /* Release */,
			);
			defaultConfigurationIsVisible = 0;
			defaultConfigurationName = Release;
		};
		15DFDF4C1B7A5BE800B197D9 /* Build configuration list for PBXNativeTarget "DropDown Menu" */ = {
			isa = XCConfigurationList;
			buildConfigurations = (
				15DFDF4D1B7A5BE800B197D9 /* Debug */,
				15DFDF4E1B7A5BE800B197D9 /* Release */,
			);
			defaultConfigurationIsVisible = 0;
			defaultConfigurationName = Release;
		};
		15DFDF4F1B7A5BE800B197D9 /* Build configuration list for PBXNativeTarget "DropDown MenuTests" */ = {
			isa = XCConfigurationList;
			buildConfigurations = (
				15DFDF501B7A5BE800B197D9 /* Debug */,
				15DFDF511B7A5BE800B197D9 /* Release */,
			);
			defaultConfigurationIsVisible = 0;
			defaultConfigurationName = Release;
		};
/* End XCConfigurationList section */
	};
	rootObject = 15DFDF251B7A5BE700B197D9 /* Project object */;
}
